
Microsoft Visual Studio Solution File, Format Version 12.00
# Visual Studio 2013
VisualStudioVersion = 12.0.40629.0
MinimumVisualStudioVersion = 10.0.40219.1
Project("{FAE04EC0-301F-11D3-BF4B-00C04F79EFBC}") = "DemoWebSocketEventsSignalR", "WebApi\DemoWebSocketEventsSignalR.csproj", "{C0078780-BDF4-4D25-8B7D-EBBA478299D4}"
EndProject
Project("{FAE04EC0-301F-11D3-BF4B-00C04F79EFBC}") = "DemoJogo", "Jogo\DemoJogo.csproj", "{BFA9A5B0-FDBA-4616-8C33-D741991FE9AA}"
EndProject
Project("{FAE04EC0-301F-11D3-BF4B-00C04F79EFBC}") = "DemoDesktopConsole", "..\TesteMeetup\TesteMeetup\DemoDesktopConsole.csproj", "{9CE30111-1867-4117-AE17-081536B0E7DC}"
EndProject
Project("{FAE04EC0-301F-11D3-BF4B-00C04F79EFBC}") = "ChatBasicoSignalR", "..\AplicacaoSignalR\AplicacaoSignalR\ChatBasicoSignalR.csproj", "{CE237FC9-1538-4432-9F81-389D65FEAEFF}"
EndProject
Global
	GlobalSection(SolutionConfigurationPlatforms) = preSolution
		Debug|Any CPU = Debug|Any CPU
		Release|Any CPU = Release|Any CPU
	EndGlobalSection
	GlobalSection(ProjectConfigurationPlatforms) = postSolution
		{C0078780-BDF4-4D25-8B7D-EBBA478299D4}.Debug|Any CPU.ActiveCfg = Debug|Any CPU
		{C0078780-BDF4-4D25-8B7D-EBBA478299D4}.Debug|Any CPU.Build.0 = Debug|Any CPU
		{C0078780-BDF4-4D25-8B7D-EBBA478299D4}.Release|Any CPU.ActiveCfg = Release|Any CPU
		{C0078780-BDF4-4D25-8B7D-EBBA478299D4}.Release|Any CPU.Build.0 = Release|Any CPU
		{BFA9A5B0-FDBA-4616-8C33-D741991FE9AA}.Debug|Any CPU.ActiveCfg = Debug|Any CPU
		{BFA9A5B0-FDBA-4616-8C33-D741991FE9AA}.Debug|Any CPU.Build.0 = Debug|Any CPU
		{BFA9A5B0-FDBA-4616-8C33-D741991FE9AA}.Release|Any CPU.ActiveCfg = Release|Any CPU
		{BFA9A5B0-FDBA-4616-8C33-D741991FE9AA}.Release|Any CPU.Build.0 = Release|Any CPU
		{9CE30111-1867-4117-AE17-081536B0E7DC}.Debug|Any CPU.ActiveCfg = Debug|Any CPU
		{9CE30111-1867-4117-AE17-081536B0E7DC}.Debug|Any CPU.Build.0 = Debug|Any CPU
		{9CE30111-1867-4117-AE17-081536B0E7DC}.Release|Any CPU.ActiveCfg = Release|Any CPU
		{9CE30111-1867-4117-AE17-081536B0E7DC}.Release|Any CPU.Build.0 = Release|Any CPU
		{CE237FC9-1538-4432-9F81-389D65FEAEFF}.Debug|Any CPU.ActiveCfg = Debug|Any CPU
		{CE237FC9-1538-4432-9F81-389D65FEAEFF}.Debug|Any CPU.Build.0 = Debug|Any CPU
		{CE237FC9-1538-4432-9F81-389D65FEAEFF}.Release|Any CPU.ActiveCfg = Release|Any CPU
		{CE237FC9-1538-4432-9F81-389D65FEAEFF}.Release|Any CPU.Build.0 = Release|Any CPU
	EndGlobalSection
	GlobalSection(SolutionProperties) = preSolution
		HideSolutionNode = FALSE
	EndGlobalSection
EndGlobal
